
Microsoft Visual Studio Solution File, Format Version 12.00
# Visual Studio 15
VisualStudioVersion = 15.0.28307.438
MinimumVisualStudioVersion = 10.0.40219.1
Project("{8BC9CEB8-8B4A-11D0-8D11-00A0C91BC942}") = "3회차", "3회차\3회차.vcxproj", "{A47DBE7F-A95B-419F-B2F8-8C9BED509EDD}"
EndProject
Global
	GlobalSection(SolutionConfigurationPlatforms) = preSolution
		Debug|x64 = Debug|x64
		Debug|x86 = Debug|x86
		Release|x64 = Release|x64
		Release|x86 = Release|x86
	EndGlobalSection
	GlobalSection(ProjectConfigurationPlatforms) = postSolution
		{A47DBE7F-A95B-419F-B2F8-8C9BED509EDD}.Debug|x64.ActiveCfg = Debug|x64
		{A47DBE7F-A95B-419F-B2F8-8C9BED509EDD}.Debug|x64.Build.0 = Debug|x64
		{A47DBE7F-A95B-419F-B2F8-8C9BED509EDD}.Debug|x86.ActiveCfg = Debug|Win32
		{A47DBE7F-A95B-419F-B2F8-8C9BED509EDD}.Debug|x86.Build.0 = Debug|Win32
		{A47DBE7F-A95B-419F-B2F8-8C9BED509EDD}.Release|x64.ActiveCfg = Release|x64
		{A47DBE7F-A95B-419F-B2F8-8C9BED509EDD}.Release|x64.Build.0 = Release|x64
		{A47DBE7F-A95B-419F-B2F8-8C9BED509EDD}.Release|x86.ActiveCfg = Release|Win32
		{A47DBE7F-A95B-419F-B2F8-8C9BED509EDD}.Release|x86.Build.0 = Release|Win32
	EndGlobalSection
	GlobalSection(SolutionProperties) = preSolution
		HideSolutionNode = FALSE
	EndGlobalSection
	GlobalSection(ExtensibilityGlobals) = postSolution
		SolutionGuid = {BD6AB9EE-2F97-4BC1-BAD4-5A324B36E254}
	EndGlobalSection
EndGlobal
